
Microsoft Visual Studio Solution File, Format Version 12.00
# Visual Studio Version 17
VisualStudioVersion = 17.7.34221.43
MinimumVisualStudioVersion = 10.0.40219.1
Project("{8BC9CEB8-8B4A-11D0-8D11-00A0C91BC942}") = "Assignment 2 PF", "Assignment 2 PF\Assignment 2 PF.vcxproj", "{23B5FAF9-8094-4BAD-9D0B-D0EB4B33F5E9}"
EndProject
Global
	GlobalSection(SolutionConfigurationPlatforms) = preSolution
		Debug|x64 = Debug|x64
		Debug|x86 = Debug|x86
		Release|x64 = Release|x64
		Release|x86 = Release|x86
	EndGlobalSection
	GlobalSection(ProjectConfigurationPlatforms) = postSolution
		{23B5FAF9-8094-4BAD-9D0B-D0EB4B33F5E9}.Debug|x64.ActiveCfg = Debug|x64
		{23B5FAF9-8094-4BAD-9D0B-D0EB4B33F5E9}.Debug|x64.Build.0 = Debug|x64
		{23B5FAF9-8094-4BAD-9D0B-D0EB4B33F5E9}.Debug|x86.ActiveCfg = Debug|Win32
		{23B5FAF9-8094-4BAD-9D0B-D0EB4B33F5E9}.Debug|x86.Build.0 = Debug|Win32
		{23B5FAF9-8094-4BAD-9D0B-D0EB4B33F5E9}.Release|x64.ActiveCfg = Release|x64
		{23B5FAF9-8094-4BAD-9D0B-D0EB4B33F5E9}.Release|x64.Build.0 = Release|x64
		{23B5FAF9-8094-4BAD-9D0B-D0EB4B33F5E9}.Release|x86.ActiveCfg = Release|Win32
		{23B5FAF9-8094-4BAD-9D0B-D0EB4B33F5E9}.Release|x86.Build.0 = Release|Win32
	EndGlobalSection
	GlobalSection(SolutionProperties) = preSolution
		HideSolutionNode = FALSE
	EndGlobalSection
	GlobalSection(ExtensibilityGlobals) = postSolution
		SolutionGuid = {533F78BF-1C72-4D61-9ED5-77E9D43782AA}
	EndGlobalSection
EndGlobal
