
Microsoft Visual Studio Solution File, Format Version 12.00
# Visual Studio Version 17
VisualStudioVersion = 17.7.34221.43
MinimumVisualStudioVersion = 10.0.40219.1
Project("{8BC9CEB8-8B4A-11D0-8D11-00A0C91BC942}") = "Assignment 1 pf", "Assignment 1 pf\Assignment 1 pf.vcxproj", "{CF38403D-8D96-461D-AA55-DA4E9A7A8B9F}"
EndProject
Global
	GlobalSection(SolutionConfigurationPlatforms) = preSolution
		Debug|x64 = Debug|x64
		Debug|x86 = Debug|x86
		Release|x64 = Release|x64
		Release|x86 = Release|x86
	EndGlobalSection
	GlobalSection(ProjectConfigurationPlatforms) = postSolution
		{CF38403D-8D96-461D-AA55-DA4E9A7A8B9F}.Debug|x64.ActiveCfg = Debug|x64
		{CF38403D-8D96-461D-AA55-DA4E9A7A8B9F}.Debug|x64.Build.0 = Debug|x64
		{CF38403D-8D96-461D-AA55-DA4E9A7A8B9F}.Debug|x86.ActiveCfg = Debug|Win32
		{CF38403D-8D96-461D-AA55-DA4E9A7A8B9F}.Debug|x86.Build.0 = Debug|Win32
		{CF38403D-8D96-461D-AA55-DA4E9A7A8B9F}.Release|x64.ActiveCfg = Release|x64
		{CF38403D-8D96-461D-AA55-DA4E9A7A8B9F}.Release|x64.Build.0 = Release|x64
		{CF38403D-8D96-461D-AA55-DA4E9A7A8B9F}.Release|x86.ActiveCfg = Release|Win32
		{CF38403D-8D96-461D-AA55-DA4E9A7A8B9F}.Release|x86.Build.0 = Release|Win32
	EndGlobalSection
	GlobalSection(SolutionProperties) = preSolution
		HideSolutionNode = FALSE
	EndGlobalSection
	GlobalSection(ExtensibilityGlobals) = postSolution
		SolutionGuid = {2B14B238-8F36-4617-B120-1707680C0E48}
	EndGlobalSection
EndGlobal
