
Microsoft Visual Studio Solution File, Format Version 12.00
# Visual Studio Version 17
VisualStudioVersion = 17.7.34221.43
MinimumVisualStudioVersion = 10.0.40219.1
Project("{8BC9CEB8-8B4A-11D0-8D11-00A0C91BC942}") = "2D array", "2D array\2D array.vcxproj", "{E1B095BC-0463-49B2-8F13-84DE3138F733}"
EndProject
Global
	GlobalSection(SolutionConfigurationPlatforms) = preSolution
		Debug|x64 = Debug|x64
		Debug|x86 = Debug|x86
		Release|x64 = Release|x64
		Release|x86 = Release|x86
	EndGlobalSection
	GlobalSection(ProjectConfigurationPlatforms) = postSolution
		{E1B095BC-0463-49B2-8F13-84DE3138F733}.Debug|x64.ActiveCfg = Debug|x64
		{E1B095BC-0463-49B2-8F13-84DE3138F733}.Debug|x64.Build.0 = Debug|x64
		{E1B095BC-0463-49B2-8F13-84DE3138F733}.Debug|x86.ActiveCfg = Debug|Win32
		{E1B095BC-0463-49B2-8F13-84DE3138F733}.Debug|x86.Build.0 = Debug|Win32
		{E1B095BC-0463-49B2-8F13-84DE3138F733}.Release|x64.ActiveCfg = Release|x64
		{E1B095BC-0463-49B2-8F13-84DE3138F733}.Release|x64.Build.0 = Release|x64
		{E1B095BC-0463-49B2-8F13-84DE3138F733}.Release|x86.ActiveCfg = Release|Win32
		{E1B095BC-0463-49B2-8F13-84DE3138F733}.Release|x86.Build.0 = Release|Win32
	EndGlobalSection
	GlobalSection(SolutionProperties) = preSolution
		HideSolutionNode = FALSE
	EndGlobalSection
	GlobalSection(ExtensibilityGlobals) = postSolution
		SolutionGuid = {84B85E60-9150-42EE-AB8B-4743AC2C1C3A}
	EndGlobalSection
EndGlobal
